<?xml version="1.0" encoding="utf-8"?>
<Project ToolsVersion="4.0" xmlns="http://schemas.microsoft.com/developer/msbuild/2003">
  <ItemGroup>
    <ClCompile Include="Active.cpp" />
    <ClCompile Include="Beer.cpp" />
    <ClCompile Include="DiceRoll.cpp" />
    <ClCompile Include="Exercise.cpp" />
    <ClCompile Include="Field.cpp" />
    <ClCompile Include="GameLevel.cpp" />
    <ClCompile Include="GameLevelFactory.cpp" />
    <ClCompile Include="Gameplay.cpp" />
    <ClCompile Include="GameplayManager.cpp" />
    <ClCompile Include="GameState.cpp" />
    <ClCompile Include="Idle.cpp" />
    <ClCompile Include="main.cpp" />
    <ClCompile Include="Metodyka.cpp" />
    <ClCompile Include="Move.cpp" />
    <ClCompile Include="PEiTC_lab.cpp" />
    <ClCompile Include="Player.cpp" />
    <ClCompile Include="PlayerFSM.cpp" />
    <ClCompile Include="stdafx.cpp" />
    <ClCompile Include="ToSecondLvl.cpp" />
    <ClCompile Include="WDP.cpp" />
    <ClCompile Include="Weekend.cpp" />
    <ClCompile Include="WF.cpp" />
    <ClCompile Include="Zagadnienia.cpp" />
    <ClCompile Include="Elektro_egz.cpp" />
    <ClCompile Include="Elektro_lab.cpp" />
    <ClCompile Include="PEiTC_egz.cpp" />
    <ClCompile Include="SSPK.cpp" />
  </ItemGroup>
  <ItemGroup>
    <Text Include="ReadMe.txt" />
  </ItemGroup>
  <ItemGroup>
    <ClInclude Include="Active.h" />
    <ClInclude Include="Beer.h" />
    <ClInclude Include="classes.h" />
    <ClInclude Include="DiceRoll.h" />
    <ClInclude Include="Elektro_egz.h" />
    <ClInclude Include="Elektro_lab.h" />
    <ClInclude Include="Exercise.h" />
    <ClInclude Include="Field.h" />
    <ClInclude Include="FieldsHeaders.h" />
    <ClInclude Include="GameLevel.h" />
    <ClInclude Include="GameLevelFactory.h" />
    <ClInclude Include="Gameplay.h" />
    <ClInclude Include="GameplayManager.h" />
    <ClInclude Include="GameState.h" />
    <ClInclude Include="Idle.h" />
    <ClInclude Include="LibsAndDeclarations.h" />
    <ClInclude Include="Metodyka.h" />
    <ClInclude Include="Move.h" />
    <ClInclude Include="PEiTC_egz.h" />
    <ClInclude Include="PEiTC_lab.h" />
    <ClInclude Include="Player.h" />
    <ClInclude Include="PlayerFSM.h" />
    <ClInclude Include="SSPK.h" />
    <ClInclude Include="stdafx.h" />
    <ClInclude Include="targetver.h" />
    <ClInclude Include="WDP.h" />
    <ClInclude Include="Weekend.h" />
    <ClInclude Include="WF.h" />
    <ClInclude Include="Zagadnienia.h" />
  </ItemGroup>
  <ItemGroup>
    <ClCompile Include="stdafx.cpp">
      <Filter>Source Files</Filter>
    </ClCompile>
    <ClCompile Include="main.cpp">
      <Filter>Source Files</Filter>
    </ClCompile>
    <ClCompile Include="Gameplay.cpp">
      <Filter>Source Files</Filter>
    </ClCompile>
    <ClCompile Include="GameState.cpp">
      <Filter>Source Files</Filter>
    </ClCompile>
    <ClCompile Include="Active.cpp">
      <Filter>Source Files\PlayerFSM</Filter>
    </ClCompile>
    <ClCompile Include="DiceRoll.cpp">
      <Filter>Source Files\PlayerFSM</Filter>
    </ClCompile>
    <ClCompile Include="Idle.cpp">
      <Filter>Source Files\PlayerFSM</Filter>
    </ClCompile>
    <ClCompile Include="PlayerFSM.cpp">
      <Filter>Source Files\PlayerFSM</Filter>
    </ClCompile>
    <ClCompile Include="GameLevel.cpp">
      <Filter>Source Files</Filter>
    </ClCompile>
    <ClCompile Include="GameLevelFactory.cpp">
      <Filter>Source Files</Filter>
    </ClCompile>
    <ClCompile Include="GameplayManager.cpp">
      <Filter>Source Files</Filter>
    </ClCompile>
    <ClCompile Include="Player.cpp">
      <Filter>Source Files\Player</Filter>
    </ClCompile>
    <ClCompile Include="Field.cpp">
      <Filter>Source Files\Fields</Filter>
    </ClCompile>
    <ClCompile Include="Beer.cpp">
      <Filter>Source Files\Fields</Filter>
    </ClCompile>
    <ClCompile Include="Move.cpp">
      <Filter>Source Files\PlayerFSM</Filter>
    </ClCompile>
    <ClCompile Include="WDP.cpp">
      <Filter>Source Files\Fields</Filter>
    </ClCompile>
    <ClCompile Include="Exercise.cpp">
      <Filter>Source Files\PlayerFSM</Filter>
    </ClCompile>
    <ClCompile Include="Zagadnienia.cpp">
      <Filter>Source Files\Fields</Filter>
    </ClCompile>
    <ClCompile Include="Metodyka.cpp">
      <Filter>Source Files\Fields</Filter>
    </ClCompile>
    <ClCompile Include="Weekend.cpp">
      <Filter>Source Files\Fields</Filter>
    </ClCompile>
    <ClCompile Include="WF.cpp">
      <Filter>Source Files\Fields</Filter>
    </ClCompile>
    <ClCompile Include="PEiTC_lab.cpp">
      <Filter>Source Files\Fields</Filter>
    </ClCompile>
    <ClInclude Include="Active.h" />
    <ClInclude Include="Beer.h" />
    <ClInclude Include="classes.h" />
    <ClInclude Include="DiceRoll.h" />
    <ClInclude Include="Exercise.h" />
    <ClInclude Include="Field.h" />
    <ClInclude Include="FieldsHeaders.h" />
    <ClInclude Include="GameLevel.h" />
    <ClInclude Include="GameLevelFactory.h" />
    <ClInclude Include="Gameplay.h" />
    <ClInclude Include="GameplayManager.h" />
    <ClInclude Include="GameState.h" />
    <ClInclude Include="Idle.h" />
    <ClInclude Include="LibsAndDeclarations.h" />
    <ClInclude Include="Metodyka.h" />
    <ClInclude Include="Move.h" />
    <ClInclude Include="PEiTC_lab.h" />
    <ClInclude Include="Player.h" />
    <ClInclude Include="PlayerFSM.h" />
    <ClInclude Include="stdafx.h" />
    <ClInclude Include="targetver.h" />
    <ClInclude Include="ToSecondLvl.h" />
    <ClInclude Include="WDP.h" />
    <ClInclude Include="Weekend.h" />
    <ClInclude Include="WF.h" />
    <ClInclude Include="Zagadnienia.h" />
  </ItemGroup>
  <ItemGroup>
    <Image Include="game_board.png" />
  </ItemGroup>
  <ItemGroup>
    <None Include="ClassDiagram.cd" />
    <None Include="ClassDiagram1.cd" />
  </ItemGroup>
  <ItemGroup>
    <Text Include="ReadMe.txt" />
  </ItemGroup>
</Project>